
Microsoft Visual Studio Solution File, Format Version 12.00
# Visual Studio Version 16
VisualStudioVersion = 16.0.31702.278
MinimumVisualStudioVersion = 10.0.40219.1
Project("{FAE04EC0-301F-11D3-BF4B-00C04F79EFBC}") = "goodgame", "goodgame\goodgame.csproj", "{9750AE4F-E64A-4BE6-B1E2-7C455F83D3EB}"
EndProject
Global
	GlobalSection(SolutionConfigurationPlatforms) = preSolution
		Debug|Any CPU = Debug|Any CPU
		Release|Any CPU = Release|Any CPU
	EndGlobalSection
	GlobalSection(ProjectConfigurationPlatforms) = postSolution
		{9750AE4F-E64A-4BE6-B1E2-7C455F83D3EB}.Debug|Any CPU.ActiveCfg = Debug|Any CPU
		{9750AE4F-E64A-4BE6-B1E2-7C455F83D3EB}.Debug|Any CPU.Build.0 = Debug|Any CPU
		{9750AE4F-E64A-4BE6-B1E2-7C455F83D3EB}.Release|Any CPU.ActiveCfg = Release|Any CPU
		{9750AE4F-E64A-4BE6-B1E2-7C455F83D3EB}.Release|Any CPU.Build.0 = Release|Any CPU
	EndGlobalSection
	GlobalSection(SolutionProperties) = preSolution
		HideSolutionNode = FALSE
	EndGlobalSection
	GlobalSection(ExtensibilityGlobals) = postSolution
		SolutionGuid = {00E8E965-E1C4-43C3-84C9-548D2AC4BC67}
	EndGlobalSection
EndGlobal
